
Microsoft Visual Studio Solution File, Format Version 12.00
# Visual Studio Version 17
VisualStudioVersion = 17.6.33717.318
MinimumVisualStudioVersion = 10.0.40219.1
Project("{FAE04EC0-301F-11D3-BF4B-00C04F79EFBC}") = "Cryptocurrencies", "Cryptocurrencies\Cryptocurrencies.csproj", "{5DEDAB14-B661-47D4-8BB6-94BCC99EF5CD}"
EndProject
Global
	GlobalSection(SolutionConfigurationPlatforms) = preSolution
		Debug|Any CPU = Debug|Any CPU
		Release|Any CPU = Release|Any CPU
	EndGlobalSection
	GlobalSection(ProjectConfigurationPlatforms) = postSolution
		{5DEDAB14-B661-47D4-8BB6-94BCC99EF5CD}.Debug|Any CPU.ActiveCfg = Debug|Any CPU
		{5DEDAB14-B661-47D4-8BB6-94BCC99EF5CD}.Debug|Any CPU.Build.0 = Debug|Any CPU
		{5DEDAB14-B661-47D4-8BB6-94BCC99EF5CD}.Release|Any CPU.ActiveCfg = Release|Any CPU
		{5DEDAB14-B661-47D4-8BB6-94BCC99EF5CD}.Release|Any CPU.Build.0 = Release|Any CPU
	EndGlobalSection
	GlobalSection(SolutionProperties) = preSolution
		HideSolutionNode = FALSE
	EndGlobalSection
	GlobalSection(ExtensibilityGlobals) = postSolution
		SolutionGuid = {059C06FD-2976-4E65-A76C-1B1C128AD221}
	EndGlobalSection
EndGlobal
